PODS:
  - Flutter (1.0.0)
  - flutter_config (0.0.1):
    - Flutter
  - google_maps_flutter_ios (0.0.1):
    - Flutter
    - GoogleMaps (< 9.0)
  - GoogleMaps (5.2.0):
    - GoogleMaps/Maps (= 5.2.0)
  - GoogleMaps/Base (5.2.0)
  - GoogleMaps/Maps (5.2.0):
    - GoogleMaps/Base
  - image_picker_ios (0.0.1):
    - Flutter
  - path_provider_foundation (0.0.1):
    - Flutter
    - FlutterMacOS

DEPENDENCIES:
  - Flutter (from `Flutter`)
  - flutter_config (from `.symlinks/plugins/flutter_config/ios`)
  - google_maps_flutter_ios (from `.symlinks/plugins/google_maps_flutter_ios/ios`)
  - image_picker_ios (from `.symlinks/plugins/image_picker_ios/ios`)
  - path_provider_foundation (from `.symlinks/plugins/path_provider_foundation/darwin`)

SPEC REPOS:
  trunk:
    - GoogleMaps

EXTERNAL SOURCES:
  Flutter:
    :path: Flutter
  flutter_config:
    :path: ".symlinks/plugins/flutter_config/ios"
  google_maps_flutter_ios:
    :path: ".symlinks/plugins/google_maps_flutter_ios/ios"
  image_picker_ios:
    :path: ".symlinks/plugins/image_picker_ios/ios"
  path_provider_foundation:
    :path: ".symlinks/plugins/path_provider_foundation/darwin"

SPEC CHECKSUMS:
  Flutter: e0871f40cf51350855a761d2e70bf5af5b9b5de7
  flutter_config: f48f0d47a284f1791aacce2687eabb3309ba7a41
  google_maps_flutter_ios: d1318b4ff711612cab16862d7a87e31a7403d458
  GoogleMaps: 025272d5876d3b32604e5c080dc25eaf68764693
  image_picker_ios: c560581cceedb403a6ff17f2f816d7fea1421fc1
  path_provider_foundation: 3784922295ac71e43754bd15e0653ccfd36a147c

PODFILE CHECKSUM: 3ac6882790203ef59c28ed7ff2391a3bd8787087

COCOAPODS: 1.15.2
